
Microsoft Visual Studio Solution File, Format Version 12.00
# Visual Studio Version 17
VisualStudioVersion = 17.8.34309.116
MinimumVisualStudioVersion = 10.0.40219.1
Project("{FAE04EC0-301F-11D3-BF4B-00C04F79EFBC}") = "ConsoleApp1", "ConsoleApp1.csproj", "{65351415-3EF6-4EE6-83B1-064E57689A93}"
EndProject
Global
	GlobalSection(SolutionConfigurationPlatforms) = preSolution
		Debug|Any CPU = Debug|Any CPU
		Release|Any CPU = Release|Any CPU
	EndGlobalSection
	GlobalSection(ProjectConfigurationPlatforms) = postSolution
		{65351415-3EF6-4EE6-83B1-064E57689A93}.Debug|Any CPU.ActiveCfg = Debug|Any CPU
		{65351415-3EF6-4EE6-83B1-064E57689A93}.Debug|Any CPU.Build.0 = Debug|Any CPU
		{65351415-3EF6-4EE6-83B1-064E57689A93}.Release|Any CPU.ActiveCfg = Release|Any CPU
		{65351415-3EF6-4EE6-83B1-064E57689A93}.Release|Any CPU.Build.0 = Release|Any CPU
	EndGlobalSection
	GlobalSection(SolutionProperties) = preSolution
		HideSolutionNode = FALSE
	EndGlobalSection
	GlobalSection(ExtensibilityGlobals) = postSolution
		SolutionGuid = {9501EB06-3A42-4E4D-B41B-F12214084449}
	EndGlobalSection
EndGlobal
